
Microsoft Visual Studio Solution File, Format Version 12.00
# Visual Studio Version 17
VisualStudioVersion = 17.13.35931.197 d17.13
MinimumVisualStudioVersion = 10.0.40219.1
Project("{FAE04EC0-301F-11D3-BF4B-00C04F79EFBC}") = "StudentDataViewer", "StudentDataViewer.csproj", "{0479D348-971D-43F5-9ADA-6DE655C1D6AF}"
EndProject
Global
	GlobalSection(SolutionConfigurationPlatforms) = preSolution
		Debug|Any CPU = Debug|Any CPU
		Release|Any CPU = Release|Any CPU
	EndGlobalSection
	GlobalSection(ProjectConfigurationPlatforms) = postSolution
		{0479D348-971D-43F5-9ADA-6DE655C1D6AF}.Debug|Any CPU.ActiveCfg = Debug|Any CPU
		{0479D348-971D-43F5-9ADA-6DE655C1D6AF}.Debug|Any CPU.Build.0 = Debug|Any CPU
		{0479D348-971D-43F5-9ADA-6DE655C1D6AF}.Release|Any CPU.ActiveCfg = Release|Any CPU
		{0479D348-971D-43F5-9ADA-6DE655C1D6AF}.Release|Any CPU.Build.0 = Release|Any CPU
	EndGlobalSection
	GlobalSection(SolutionProperties) = preSolution
		HideSolutionNode = FALSE
	EndGlobalSection
	GlobalSection(ExtensibilityGlobals) = postSolution
		SolutionGuid = {3EBA6A74-77B4-44C5-ABA2-6B934935F597}
	EndGlobalSection
EndGlobal
